
Microsoft Visual Studio Solution File, Format Version 12.00
# Visual Studio 15
VisualStudioVersion = 15.0.26730.16
MinimumVisualStudioVersion = 10.0.40219.1
Project("{FAE04EC0-301F-11D3-BF4B-00C04F79EFBC}") = "Zelus.Data", "Zelus.Data\Zelus.Data.csproj", "{415D9306-FC88-4091-B600-2E767AE29F62}"
EndProject
Project("{FAE04EC0-301F-11D3-BF4B-00C04F79EFBC}") = "Zelus.Web", "Zelus.Web\Zelus.Web.csproj", "{05570B10-7C6C-4863-81A4-DECCB05110EF}"
EndProject
Global
	GlobalSection(SolutionConfigurationPlatforms) = preSolution
		Debug|Any CPU = Debug|Any CPU
		Release|Any CPU = Release|Any CPU
	EndGlobalSection
	GlobalSection(ProjectConfigurationPlatforms) = postSolution
		{415D9306-FC88-4091-B600-2E767AE29F62}.Debug|Any CPU.ActiveCfg = Debug|Any CPU
		{415D9306-FC88-4091-B600-2E767AE29F62}.Debug|Any CPU.Build.0 = Debug|Any CPU
		{415D9306-FC88-4091-B600-2E767AE29F62}.Release|Any CPU.ActiveCfg = Release|Any CPU
		{415D9306-FC88-4091-B600-2E767AE29F62}.Release|Any CPU.Build.0 = Release|Any CPU
		{05570B10-7C6C-4863-81A4-DECCB05110EF}.Debug|Any CPU.ActiveCfg = Debug|Any CPU
		{05570B10-7C6C-4863-81A4-DECCB05110EF}.Debug|Any CPU.Build.0 = Debug|Any CPU
		{05570B10-7C6C-4863-81A4-DECCB05110EF}.Release|Any CPU.ActiveCfg = Release|Any CPU
		{05570B10-7C6C-4863-81A4-DECCB05110EF}.Release|Any CPU.Build.0 = Release|Any CPU
	EndGlobalSection
	GlobalSection(SolutionProperties) = preSolution
		HideSolutionNode = FALSE
	EndGlobalSection
	GlobalSection(ExtensibilityGlobals) = postSolution
		SolutionGuid = {C1328EB5-68CD-47AA-ADD5-51C7F4E2CBF1}
	EndGlobalSection
EndGlobal
