
Microsoft Visual Studio Solution File, Format Version 12.00
# Visual Studio 15
VisualStudioVersion = 15.0.26228.10
MinimumVisualStudioVersion = 10.0.40219.1
Project("{FAE04EC0-301F-11D3-BF4B-00C04F79EFBC}") = "Zelus.Data", "Zelus.Data\Zelus.Data.csproj", "{357F3727-83C6-4370-BAF3-157DBD464A10}"
EndProject
Project("{FAE04EC0-301F-11D3-BF4B-00C04F79EFBC}") = "Zelus.Web", "Zelus.Web\Zelus.Web.csproj", "{4877373B-7AB1-4D53-85D2-9AD5893DE5C3}"
EndProject
Global
	GlobalSection(SolutionConfigurationPlatforms) = preSolution
		Debug|Any CPU = Debug|Any CPU
		Release|Any CPU = Release|Any CPU
	EndGlobalSection
	GlobalSection(ProjectConfigurationPlatforms) = postSolution
		{357F3727-83C6-4370-BAF3-157DBD464A10}.Debug|Any CPU.ActiveCfg = Debug|Any CPU
		{357F3727-83C6-4370-BAF3-157DBD464A10}.Debug|Any CPU.Build.0 = Debug|Any CPU
		{357F3727-83C6-4370-BAF3-157DBD464A10}.Release|Any CPU.ActiveCfg = Release|Any CPU
		{357F3727-83C6-4370-BAF3-157DBD464A10}.Release|Any CPU.Build.0 = Release|Any CPU
		{4877373B-7AB1-4D53-85D2-9AD5893DE5C3}.Debug|Any CPU.ActiveCfg = Debug|Any CPU
		{4877373B-7AB1-4D53-85D2-9AD5893DE5C3}.Debug|Any CPU.Build.0 = Debug|Any CPU
		{4877373B-7AB1-4D53-85D2-9AD5893DE5C3}.Release|Any CPU.ActiveCfg = Release|Any CPU
		{4877373B-7AB1-4D53-85D2-9AD5893DE5C3}.Release|Any CPU.Build.0 = Release|Any CPU
	EndGlobalSection
	GlobalSection(SolutionProperties) = preSolution
		HideSolutionNode = FALSE
	EndGlobalSection
EndGlobal
